{
  "name": "devops-intern",
  "version": "0.1.1",
  "lockfileVersion": 3,
  "requires": true,
  "packages": {
    "": {
      "name": "devops-intern",
      "version": "0.1.1",
      "license": "ISC",
      "devDependencies": {
        "husky": "^9.1.7"
      }
    },
    "node_modules/husky": {
      "version": "9.1.7",
      "resolved": "https://registry.npmjs.org/husky/-/husky-9.1.7.tgz",
      "integrity": "sha512-ZO8q3k2cJxg1q1Zt4bWl3i5Tk6l7j5P2rQX0JxK0zzH79sX6F1EYvFgN5WmYcD4ym4vI+YnlCkkQqg2s3YQbZA==",
      "dev": true
    }
  }
}
